// !$*UTF8*$!
{
	archiveVersion = 1;
	classes = {
	};
	objectVersion = 50;
	objects = {

/* Begin PBXBuildFile section */
		726DC1E920DA44C20096B730 /* AppDelegate.m in Sources */ = {isa = PBXBuildFile; fileRef = 726DC1E820DA44C20096B730 /* AppDelegate.m */; };
		726DC1EC20DA44C20096B730 /* ViewController.m in Sources */ = {isa = PBXBuildFile; fileRef = 726DC1EB20DA44C20096B730 /* ViewController.m */; };
		726DC1EF20DA44C20096B730 /* Main.storyboard in Resources */ = {isa = PBXBuildFile; fileRef = 726DC1ED20DA44C20096B730 /* Main.storyboard */; };
		726DC1F120DA44C30096B730 /* Assets.xcassets in Resources */ = {isa = PBXBuildFile; fileRef = 726DC1F020DA44C30096B730 /* Assets.xcassets */; };
		726DC1F420DA44C30096B730 /* LaunchScreen.storyboard in Resources */ = {isa = PBXBuildFile; fileRef = 726DC1F220DA44C30096B730 /* LaunchScreen.storyboard */; };
		726DC1F720DA44C30096B730 /* main.m in Sources */ = {isa = PBXBuildFile; fileRef = 726DC1F620DA44C30096B730 /* main.m */; };
		726DC20020DA44DE0096B730 /* ZJSpinner.m in Sources */ = {isa = PBXBuildFile; fileRef = 726DC1FF20DA44DE0096B730 /* ZJSpinner.m */; };
/* End PBXBuildFile section */

/* Begin PBXFileReference section */
		726DC1E420DA44C20096B730 /* ZJSpinnerDemo.app */ = {isa = PBXFileReference; explicitFileType = wrapper.application; includeInIndex = 0; path = ZJSpinnerDemo.app; sourceTree = BUILT_PRODUCTS_DIR; };
		726DC1E720DA44C20096B730 /* AppDelegate.h */ = {isa = PBXFileReference; lastKnownFileType = sourcecode.c.h; path = AppDelegate.h; sourceTree = "<group>"; };
		726DC1E820DA44C20096B730 /* AppDelegate.m */ = {isa = PBXFileReference; lastKnownFileType = sourcecode.c.objc; path = AppDelegate.m; sourceTree = "<group>"; };
		726DC1EA20DA44C20096B730 /* ViewController.h */ = {isa = PBXFileReference; lastKnownFileType = sourcecode.c.h; path = ViewController.h; sourceTree = "<group>"; };
		726DC1EB20DA44C20096B730 /* ViewController.m */ = {isa = PBXFileReference; lastKnownFileType = sourcecode.c.objc; path = ViewController.m; sourceTree = "<group>"; };
		726DC1EE20DA44C20096B730 /* Base */ = {isa = PBXFileReference; lastKnownFileType = file.storyboard; name = Base; path = Base.lproj/Main.storyboard; sourceTree = "<group>"; };
		726DC1F020DA44C30096B730 /* Assets.xcassets */ = {isa = PBXFileReference; lastKnownFileType = folder.assetcatalog; path = Assets.xcassets; sourceTree = "<group>"; };
		726DC1F320DA44C30096B730 /* Base */ = {isa = PBXFileReference; lastKnownFileType = file.storyboard; name = Base; path = Base.lproj/LaunchScreen.storyboard; sourceTree = "<group>"; };
		726DC1F520DA44C30096B730 /* Info.plist */ = {isa = PBXFileReference; lastKnownFileType = text.plist.xml; path = Info.plist; sourceTree = "<group>"; };
		726DC1F620DA44C30096B730 /* main.m */ = {isa = PBXFileReference; lastKnownFileType = sourcecode.c.objc; path = main.m; sourceTree = "<group>"; };
		726DC1FE20DA44DE0096B730 /* ZJSpinner.h */ = {isa = PBXFileReference; fileEncoding = 4; lastKnownFileType = sourcecode.c.h; path = ZJSpinner.h; sourceTree = "<group>"; };
		726DC1FF20DA44DE0096B730 /* ZJSpinner.m */ = {isa = PBXFileReference; fileEncoding = 4; lastKnownFileType = sourcecode.c.objc; path = ZJSpinner.m; sourceTree = "<group>"; };
/* End PBXFileReference section */

/* Begin PBXFrameworksBuildPhase section */
		726DC1E120DA44C20096B730 /* Frameworks */ = {
			isa = PBXFrameworksBuildPhase;
			buildActionMask = 2147483647;
			files = (
			);
			runOnlyForDeploymentPostprocessing = 0;
		};
/* End PBXFrameworksBuildPhase section */

/* Begin PBXGroup section */
		726DC1DB20DA44C20096B730 = {
			isa = PBXGroup;
			children = (
				726DC1E620DA44C20096B730 /* ZJSpinnerDemo */,
				726DC1E520DA44C20096B730 /* Products */,
			);
			sourceTree = "<group>";
		};
		726DC1E520DA44C20096B730 /* Products */ = {
			isa = PBXGroup;
			children = (
				726DC1E420DA44C20096B730 /* ZJSpinnerDemo.app */,
			);
			name = Products;
			sourceTree = "<group>";
		};
		726DC1E620DA44C20096B730 /* ZJSpinnerDemo */ = {
			isa = PBXGroup;
			children = (
				726DC1FD20DA44DE0096B730 /* ZJSpinner */,
				726DC1E720DA44C20096B730 /* AppDelegate.h */,
				726DC1E820DA44C20096B730 /* AppDelegate.m */,
				726DC1EA20DA44C20096B730 /* ViewController.h */,
				726DC1EB20DA44C20096B730 /* ViewController.m */,
				726DC1ED20DA44C20096B730 /* Main.storyboard */,
				726DC1F020DA44C30096B730 /* Assets.xcassets */,
				726DC1F220DA44C30096B730 /* LaunchScreen.storyboard */,
				726DC1F520DA44C30096B730 /* Info.plist */,
				726DC1F620DA44C30096B730 /* main.m */,
			);
			path = ZJSpinnerDemo;
			sourceTree = "<group>";
		};
		726DC1FD20DA44DE0096B730 /* ZJSpinner */ = {
			isa = PBXGroup;
			children = (
				726DC1FE20DA44DE0096B730 /* ZJSpinner.h */,
				726DC1FF20DA44DE0096B730 /* ZJSpinner.m */,
			);
			name = ZJSpinner;
			path = ../../ZJSpinner;
			sourceTree = "<group>";
		};
/* End PBXGroup section */

/* Begin PBXNativeTarget section */
		726DC1E320DA44C20096B730 /* ZJSpinnerDemo */ = {
			isa = PBXNativeTarget;
			buildConfigurationList = 726DC1FA20DA44C30096B730 /* Build configuration list for PBXNativeTarget "ZJSpinnerDemo" */;
			buildPhases = (
				726DC1E020DA44C20096B730 /* Sources */,
				726DC1E120DA44C20096B730 /* Frameworks */,
				726DC1E220DA44C20096B730 /* Resources */,
			);
			buildRules = (
			);
			dependencies = (
			);
			name = ZJSpinnerDemo;
			productName = ZJSpinnerDemo;
			productReference = 726DC1E420DA44C20096B730 /* ZJSpinnerDemo.app */;
			productType = "com.apple.product-type.application";
		};
/* End PBXNativeTarget section */

/* Begin PBXProject section */
		726DC1DC20DA44C20096B730 /* Project object */ = {
			isa = PBXProject;
			attributes = {
				LastUpgradeCheck = 0930;
				ORGANIZATIONNAME = zorajiang;
				TargetAttributes = {
					726DC1E320DA44C20096B730 = {
						CreatedOnToolsVersion = 9.3;
					};
				};
			};
			buildConfigurationList = 726DC1DF20DA44C20096B730 /* Build configuration list for PBXProject "ZJSpinnerDemo" */;
			compatibilityVersion = "Xcode 9.3";
			developmentRegion = en;
			hasScannedForEncodings = 0;
			knownRegions = (
				en,
				Base,
			);
			mainGroup = 726DC1DB20DA44C20096B730;
			productRefGroup = 726DC1E520DA44C20096B730 /* Products */;
			projectDirPath = "";
			projectRoot = "";
			targets = (
				726DC1E320DA44C20096B730 /* ZJSpinnerDemo */,
			);
		};
/* End PBXProject section */

/* Begin PBXResourcesBuildPhase section */
		726DC1E220DA44C20096B730 /* Resources */ = {
			isa = PBXResourcesBuildPhase;
			buildActionMask = 2147483647;
			files = (
				726DC1F420DA44C30096B730 /* LaunchScreen.storyboard in Resources */,
				726DC1F120DA44C30096B730 /* Assets.xcassets in Resources */,
				726DC1EF20DA44C20096B730 /* Main.storyboard in Resources */,
			);
			runOnlyForDeploymentPostprocessing = 0;
		};
/* End PBXResourcesBuildPhase section */

/* Begin PBXSourcesBuildPhase section */
		726DC1E020DA44C20096B730 /* Sources */ = {
			isa = PBXSourcesBuildPhase;
			buildActionMask = 2147483647;
			files = (
				726DC1EC20DA44C20096B730 /* ViewController.m in Sources */,
				726DC20020DA44DE0096B730 /* ZJSpinner.m in Sources */,
				726DC1F720DA44C30096B730 /* main.m in Sources */,
				726DC1E920DA44C20096B730 /* AppDelegate.m in Sources */,
			);
			runOnlyForDeploymentPostprocessing = 0;
		};
/* End PBXSourcesBuildPhase section */

/* Begin PBXVariantGroup section */
		726DC1ED20DA44C20096B730 /* Main.storyboard */ = {
			isa = PBXVariantGroup;
			children = (
				726DC1EE20DA44C20096B730 /* Base */,
			);
			name = Main.storyboard;
			sourceTree = "<group>";
		};
		726DC1F220DA44C30096B730 /* LaunchScreen.storyboard */ = {
			isa = PBXVariantGroup;
			children = (
				726DC1F320DA44C30096B730 /* Base */,
			);
			name = LaunchScreen.storyboard;
			sourceTree = "<group>";
		};
/* End PBXVariantGroup section */

/* Begin XCBuildConfiguration section */
		726DC1F820DA44C30096B730 /* Debug */ = {
			isa = XCBuildConfiguration;
			buildSettings = {
				ALWAYS_SEARCH_USER_PATHS = NO;
				CLANG_ANALYZER_NONNULL = YES;
				CLANG_ANALYZER_NUMBER_OBJECT_CONVERSION = YES_AGGRESSIVE;
				CLANG_CXX_LANGUAGE_STANDARD = "gnu++14";
				CLANG_CXX_LIBRARY = "libc++";
				CLANG_ENABLE_MODULES = YES;
				CLANG_ENABLE_OBJC_ARC = YES;
				CLANG_ENABLE_OBJC_WEAK = YES;
				CLANG_WARN_BLOCK_CAPTURE_AUTORELEASING = YES;
				CLANG_WARN_BOOL_CONVERSION = YES;
				CLANG_WARN_COMMA = YES;
				CLANG_WARN_CONSTANT_CONVERSION = YES;
				CLANG_WARN_DEPRECATED_OBJC_IMPLEMENTATIONS = YES;
				CLANG_WARN_DIRECT_OBJC_ISA_USAGE = YES_ERROR;
				CLANG_WARN_DOCUMENTATION_COMMENTS = YES;
				CLANG_WARN_EMPTY_BODY = YES;
				CLANG_WARN_ENUM_CONVERSION = YES;
				CLANG_WARN_INFINITE_RECURSION = YES;
				CLANG_WARN_INT_CONVERSION = YES;
				CLANG_WARN_NON_LITERAL_NULL_CONVERSION = YES;
				CLANG_WARN_OBJC_IMPLICIT_RETAIN_SELF = YES;
				CLANG_WARN_OBJC_LITERAL_CONVERSION = YES;
				CLANG_WARN_OBJC_ROOT_CLASS = YES_ERROR;
				CLANG_WARN_RANGE_LOOP_ANALYSIS = YES;
				CLANG_WARN_STRICT_PROTOTYPES = YES;
				CLANG_WARN_SUSPICIOUS_MOVE = YES;
				CLANG_WARN_UNGUARDED_AVAILABILITY = YES_AGGRESSIVE;
				CLANG_WARN_UNREACHABLE_CODE = YES;
				CLANG_WARN__DUPLICATE_METHOD_MATCH = YES;
				CODE_SIGN_IDENTITY = "iPhone Developer";
				COPY_PHASE_STRIP = NO;
				DEBUG_INFORMATION_FORMAT = dwarf;
				ENABLE_STRICT_OBJC_MSGSEND = YES;
				ENABLE_TESTABILITY = YES;
				GCC_C_LANGUAGE_STANDARD = gnu11;
				GCC_DYNAMIC_NO_PIC = NO;
				GCC_NO_COMMON_BLOCKS = YES;
				GCC_OPTIMIZATION_LEVEL = 0;
				GCC_PREPROCESSOR_DEFINITIONS = (
					"DEBUG=1",
					"$(inherited)",
				);
				GCC_WARN_64_TO_32_BIT_CONVERSION = YES;
				GCC_WARN_ABOUT_RETURN_TYPE = YES_ERROR;
				GCC_WARN_UNDECLARED_SELECTOR = YES;
				GCC_WARN_UNINITIALIZED_AUTOS = YES_AGGRESSIVE;
				GCC_WARN_UNUSED_FUNCTION = YES;
				GCC_WARN_UNUSED_VARIABLE = YES;
				IPHONEOS_DEPLOYMENT_TARGET = 11.3;
				MTL_ENABLE_DEBUG_INFO = YES;
				ONLY_ACTIVE_ARCH = YES;
				SDKROOT = iphoneos;
			};
			name = Debug;
		};
		726DC1F920DA44C30096B730 /* Release */ = {
			isa = XCBuildConfiguration;
			buildSettings = {
				ALWAYS_SEARCH_USER_PATHS = NO;
				CLANG_ANALYZER_NONNULL = YES;
				CLANG_ANALYZER_NUMBER_OBJECT_CONVERSION = YES_AGGRESSIVE;
				CLANG_CXX_LANGUAGE_STANDARD = "gnu++14";
				CLANG_CXX_LIBRARY = "libc++";
				CLANG_ENABLE_MODULES = YES;
				CLANG_ENABLE_OBJC_ARC = YES;
				CLANG_ENABLE_OBJC_WEAK = YES;
				CLANG_WARN_BLOCK_CAPTURE_AUTORELEASING = YES;
				CLANG_WARN_BOOL_CONVERSION = YES;
				CLANG_WARN_COMMA = YES;
				CLANG_WARN_CONSTANT_CONVERSION = YES;
				CLANG_WARN_DEPRECATED_OBJC_IMPLEMENTATIONS = YES;
				CLANG_WARN_DIRECT_OBJC_ISA_USAGE = YES_ERROR;
				CLANG_WARN_DOCUMENTATION_COMMENTS = YES;
				CLANG_WARN_EMPTY_BODY = YES;
				CLANG_WARN_ENUM_CONVERSION = YES;
				CLANG_WARN_INFINITE_RECURSION = YES;
				CLANG_WARN_INT_CONVERSION = YES;
				CLANG_WARN_NON_LITERAL_NULL_CONVERSION = YES;
				CLANG_WARN_OBJC_IMPLICIT_RETAIN_SELF = YES;
				CLANG_WARN_OBJC_LITERAL_CONVERSION = YES;
				CLANG_WARN_OBJC_ROOT_CLASS = YES_ERROR;
				CLANG_WARN_RANGE_LOOP_ANALYSIS = YES;
				CLANG_WARN_STRICT_PROTOTYPES = YES;
				CLANG_WARN_SUSPICIOUS_MOVE = YES;
				CLANG_WARN_UNGUARDED_AVAILABILITY = YES_AGGRESSIVE;
				CLANG_WARN_UNREACHABLE_CODE = YES;
				CLANG_WARN__DUPLICATE_METHOD_MATCH = YES;
				CODE_SIGN_IDENTITY = "iPhone Developer";
				COPY_PHASE_STRIP = NO;
				DEBUG_INFORMATION_FORMAT = "dwarf-with-dsym";
				ENABLE_NS_ASSERTIONS = NO;
				ENABLE_STRICT_OBJC_MSGSEND = YES;
				GCC_C_LANGUAGE_STANDARD = gnu11;
				GCC_NO_COMMON_BLOCKS = YES;
				GCC_WARN_64_TO_32_BIT_CONVERSION = YES;
				GCC_WARN_ABOUT_RETURN_TYPE = YES_ERROR;
				GCC_WARN_UNDECLARED_SELECTOR = YES;
				GCC_WARN_UNINITIALIZED_AUTOS = YES_AGGRESSIVE;
				GCC_WARN_UNUSED_FUNCTION = YES;
				GCC_WARN_UNUSED_VARIABLE = YES;
				IPHONEOS_DEPLOYMENT_TARGET = 11.3;
				MTL_ENABLE_DEBUG_INFO = NO;
				SDKROOT = iphoneos;
				VALIDATE_PRODUCT = YES;
			};
			name = Release;
		};
		726DC1FB20DA44C30096B730 /* Debug */ = {
			isa = XCBuildConfiguration;
			buildSettings = {
				ASSETCATALOG_COMPILER_APPICON_NAME = AppIcon;
				CODE_SIGN_STYLE = Automatic;
				INFOPLIST_FILE = ZJSpinnerDemo/Info.plist;
				LD_RUNPATH_SEARCH_PATHS = (
					"$(inherited)",
					"@executable_path/Frameworks",
				);
				PRODUCT_BUNDLE_IDENTIFIER = com.zorajiang.ZJSpinnerDemo.ZJSpinnerDemo;
				PRODUCT_NAME = "$(TARGET_NAME)";
				TARGETED_DEVICE_FAMILY = "1,2";
			};
			name = Debug;
		};
		726DC1FC20DA44C30096B730 /* Release */ = {
			isa = XCBuildConfiguration;
			buildSettings = {
				ASSETCATALOG_COMPILER_APPICON_NAME = AppIcon;
				CODE_SIGN_STYLE = Automatic;
				INFOPLIST_FILE = ZJSpinnerDemo/Info.plist;
				LD_RUNPATH_SEARCH_PATHS = (
					"$(inherited)",
					"@executable_path/Frameworks",
				);
				PRODUCT_BUNDLE_IDENTIFIER = com.zorajiang.ZJSpinnerDemo.ZJSpinnerDemo;
				PRODUCT_NAME = "$(TARGET_NAME)";
				TARGETED_DEVICE_FAMILY = "1,2";
			};
			name = Release;
		};
/* End XCBuildConfiguration section */

/* Begin XCConfigurationList section */
		726DC1DF20DA44C20096B730 /* Build configuration list for PBXProject "ZJSpinnerDemo" */ = {
			isa = XCConfigurationList;
			buildConfigurations = (
				726DC1F820DA44C30096B730 /* Debug */,
				726DC1F920DA44C30096B730 /* Release */,
			);
			defaultConfigurationIsVisible = 0;
			defaultConfigurationName = Release;
		};
		726DC1FA20DA44C30096B730 /* Build configuration list for PBXNativeTarget "ZJSpinnerDemo" */ = {
			isa = XCConfigurationList;
			buildConfigurations = (
				726DC1FB20DA44C30096B730 /* Debug */,
				726DC1FC20DA44C30096B730 /* Release */,
			);
			defaultConfigurationIsVisible = 0;
			defaultConfigurationName = Release;
		};
/* End XCConfigurationList section */
	};
	rootObject = 726DC1DC20DA44C20096B730 /* Project object */;
}
